
Microsoft Visual Studio Solution File, Format Version 12.00
# Visual Studio Version 17
VisualStudioVersion = 17.2.32526.322
MinimumVisualStudioVersion = 10.0.40219.1
Project("{FAE04EC0-301F-11D3-BF4B-00C04F79EFBC}") = "GTAG NotificationLib", "GTAG NotificationLib\GTAG NotificationLib.csproj", "{928F87A3-F8CB-4106-98A9-69F80A169442}"
EndProject
Global
	GlobalSection(SolutionConfigurationPlatforms) = preSolution
		Debug|Any CPU = Debug|Any CPU
		Release|Any CPU = Release|Any CPU
	EndGlobalSection
	GlobalSection(ProjectConfigurationPlatforms) = postSolution
		{928F87A3-F8CB-4106-98A9-69F80A169442}.Debug|Any CPU.ActiveCfg = Debug|Any CPU
		{928F87A3-F8CB-4106-98A9-69F80A169442}.Debug|Any CPU.Build.0 = Debug|Any CPU
		{928F87A3-F8CB-4106-98A9-69F80A169442}.Release|Any CPU.ActiveCfg = Release|Any CPU
		{928F87A3-F8CB-4106-98A9-69F80A169442}.Release|Any CPU.Build.0 = Release|Any CPU
	EndGlobalSection
	GlobalSection(SolutionProperties) = preSolution
		HideSolutionNode = FALSE
	EndGlobalSection
	GlobalSection(ExtensibilityGlobals) = postSolution
		SolutionGuid = {B875F2DB-EC1C-4353-A4AE-41906936A005}
	EndGlobalSection
EndGlobal
